
Microsoft Visual Studio Solution File, Format Version 12.00
# Visual Studio 15
VisualStudioVersion = 15.0.28307.779
MinimumVisualStudioVersion = 10.0.40219.1
Project("{FAE04EC0-301F-11D3-BF4B-00C04F79EFBC}") = "ProcessMultipleException", "ProcessMultipleException\ProcessMultipleException.csproj", "{BA6CA460-E5B4-4655-8798-2DB4F92F1D65}"
EndProject
Global
	GlobalSection(SolutionConfigurationPlatforms) = preSolution
		Debug|Any CPU = Debug|Any CPU
		Release|Any CPU = Release|Any CPU
	EndGlobalSection
	GlobalSection(ProjectConfigurationPlatforms) = postSolution
		{BA6CA460-E5B4-4655-8798-2DB4F92F1D65}.Debug|Any CPU.ActiveCfg = Debug|Any CPU
		{BA6CA460-E5B4-4655-8798-2DB4F92F1D65}.Debug|Any CPU.Build.0 = Debug|Any CPU
		{BA6CA460-E5B4-4655-8798-2DB4F92F1D65}.Release|Any CPU.ActiveCfg = Release|Any CPU
		{BA6CA460-E5B4-4655-8798-2DB4F92F1D65}.Release|Any CPU.Build.0 = Release|Any CPU
	EndGlobalSection
	GlobalSection(SolutionProperties) = preSolution
		HideSolutionNode = FALSE
	EndGlobalSection
	GlobalSection(ExtensibilityGlobals) = postSolution
		SolutionGuid = {A1557EB2-BD6C-447D-89AC-A2F041D89370}
	EndGlobalSection
EndGlobal
